
Microsoft Visual Studio Solution File, Format Version 12.00
# Visual Studio for Mac
Project("{FAE04EC0-301F-11D3-BF4B-00C04F79EFBC}") = "BallPanicGame", "BallPanicGame.csproj", "{9FFD5082-435F-7BB5-180B-57C3B34328BF}"
EndProject
Global
	GlobalSection(SolutionConfigurationPlatforms) = preSolution
		Debug|Any CPU = Debug|Any CPU
		Release|Any CPU = Release|Any CPU
	EndGlobalSection
	GlobalSection(ProjectConfigurationPlatforms) = postSolution
		{9FFD5082-435F-7BB5-180B-57C3B34328BF}.Debug|Any CPU.ActiveCfg = Debug|Any CPU
		{9FFD5082-435F-7BB5-180B-57C3B34328BF}.Debug|Any CPU.Build.0 = Debug|Any CPU
		{9FFD5082-435F-7BB5-180B-57C3B34328BF}.Release|Any CPU.ActiveCfg = Release|Any CPU
		{9FFD5082-435F-7BB5-180B-57C3B34328BF}.Release|Any CPU.Build.0 = Release|Any CPU
	EndGlobalSection
	GlobalSection(SolutionProperties) = preSolution
		HideSolutionNode = FALSE
	EndGlobalSection
EndGlobal
